
Microsoft Visual Studio Solution File, Format Version 12.00
# Visual Studio Version 17
VisualStudioVersion = 17.5.33414.496
MinimumVisualStudioVersion = 10.0.40219.1
Project("{FAE04EC0-301F-11D3-BF4B-00C04F79EFBC}") = "TodoApp", "TodoApp\TodoApp.csproj", "{425AB714-D422-4FBB-938D-23B598B9E086}"
EndProject
Global
	GlobalSection(SolutionConfigurationPlatforms) = preSolution
		Debug|Any CPU = Debug|Any CPU
		Release|Any CPU = Release|Any CPU
	EndGlobalSection
	GlobalSection(ProjectConfigurationPlatforms) = postSolution
		{425AB714-D422-4FBB-938D-23B598B9E086}.Debug|Any CPU.ActiveCfg = Debug|Any CPU
		{425AB714-D422-4FBB-938D-23B598B9E086}.Debug|Any CPU.Build.0 = Debug|Any CPU
		{425AB714-D422-4FBB-938D-23B598B9E086}.Release|Any CPU.ActiveCfg = Release|Any CPU
		{425AB714-D422-4FBB-938D-23B598B9E086}.Release|Any CPU.Build.0 = Release|Any CPU
	EndGlobalSection
	GlobalSection(SolutionProperties) = preSolution
		HideSolutionNode = FALSE
	EndGlobalSection
	GlobalSection(ExtensibilityGlobals) = postSolution
		SolutionGuid = {0C657659-2AFA-445A-AFB3-773E9F426674}
	EndGlobalSection
EndGlobal
